{
    "_readme": [
        "This file locks the dependencies of your project to a known state",
        "Read more about it at https://getcomposer.org/doc/01-basic-usage.md#installing-dependencies",
        "This file is @generated automatically"
    ],
    "content-hash": "18b4dc0805e1f06c86ec7b96d58a5b83",
    "packages": [
        {
            "name": "braintree/braintreehttp",
            "version": "0.3.0",
            "source": {
                "type": "git",
                "url": "https://github.com/braintree/braintreehttp_php.git",
                "reference": "204e36494d9e4b31033328df96af54b17f68b698"
            },
            "dist": {
                "type": "zip",
                "url": "https://api.github.com/repos/braintree/braintreehttp_php/zipball/204e36494d9e4b31033328df96af54b17f68b698",
                "reference": "204e36494d9e4b31033328df96af54b17f68b698",
                "shasum": ""
            },
            "require": {
                "ext-curl": "*"
            },
            "require-dev": {
                "phpunit/phpunit": "^5.7",
                "wiremock-php/wiremock-php": "1.43.2"
            },
            "type": "library",
            "autoload": {
                "psr-4": {
                    "BraintreeHttp\\": "lib/BraintreeHttp"
                }
            },
            "notification-url": "https://packagist.org/downloads/",
            "license": [
                "MIT"
            ],
            "authors": [
                {
                    "name": "Braintree",
                    "email": "code@getbraintree.com"
                }
            ],
            "time": "2018-04-17T20:53:31+00:00"
        },
        {
            "name": "paypal/paypal-checkout-sdk",
            "version": "1.0.0",
            "source": {
                "type": "git",
                "url": "https://github.com/paypal/Checkout-PHP-SDK.git",
                "reference": "b321066fdce122cd63368b559d54674bdf2f12a8"
            },
            "dist": {
                "type": "zip",
                "url": "https://api.github.com/repos/paypal/Checkout-PHP-SDK/zipball/b321066fdce122cd63368b559d54674bdf2f12a8",
                "reference": "b321066fdce122cd63368b559d54674bdf2f12a8",
                "shasum": ""
            },
            "require": {
                "braintree/braintreehttp": "0.3.0"
            },
            "require-dev": {
                "phpunit/phpunit": "^5.7"
            },
            "type": "library",
            "autoload": {
                "psr-4": {
                    "PayPalCheckoutSdk\\": "lib/PayPalCheckoutSdk",
                    "Sample\\": "samples/"
                }
            },
            "notification-url": "https://packagist.org/downloads/",
            "license": [
                "MIT"
            ],
            "authors": [
                {
                    "name": "PayPal",
                    "homepage": "https://github.com/paypal/Checkout-PHP-SDK/contributors"
                }
            ],
            "description": "PayPal's PHP SDK for Checkout REST APIs",
            "homepage": "http://github.com/paypal/Checkout-PHP-SDK/",
            "keywords": [
                "checkout",
                "orders",
                "payments",
                "paypal",
                "rest",
                "sdk"
            ],
            "time": "2019-02-04T06:59:08+00:00"
        }
    ],
    "packages-dev": [],
    "aliases": [],
    "minimum-stability": "stable",
    "stability-flags": [],
    "prefer-stable": false,
    "prefer-lowest": false,
    "platform": [],
    "platform-dev": []
}
